
Microsoft Visual Studio Solution File, Format Version 12.00
# Visual Studio Version 16
VisualStudioVersion = 16.0.31729.503
MinimumVisualStudioVersion = 10.0.40219.1
Project("{FAE04EC0-301F-11D3-BF4B-00C04F79EFBC}") = "Day16_17Anagram_PalindromeProgram", "Day16_17Anagram_PalindromeProgram.csproj", "{FAEC772F-BFA2-4A94-93AF-3DE9E7CAD30B}"
EndProject
Global
	GlobalSection(SolutionConfigurationPlatforms) = preSolution
		Debug|Any CPU = Debug|Any CPU
		Release|Any CPU = Release|Any CPU
	EndGlobalSection
	GlobalSection(ProjectConfigurationPlatforms) = postSolution
		{FAEC772F-BFA2-4A94-93AF-3DE9E7CAD30B}.Debug|Any CPU.ActiveCfg = Debug|Any CPU
		{FAEC772F-BFA2-4A94-93AF-3DE9E7CAD30B}.Debug|Any CPU.Build.0 = Debug|Any CPU
		{FAEC772F-BFA2-4A94-93AF-3DE9E7CAD30B}.Release|Any CPU.ActiveCfg = Release|Any CPU
		{FAEC772F-BFA2-4A94-93AF-3DE9E7CAD30B}.Release|Any CPU.Build.0 = Release|Any CPU
	EndGlobalSection
	GlobalSection(SolutionProperties) = preSolution
		HideSolutionNode = FALSE
	EndGlobalSection
	GlobalSection(ExtensibilityGlobals) = postSolution
		SolutionGuid = {81E92AFD-466D-46CA-BA45-D5D7DB9B0768}
	EndGlobalSection
EndGlobal
